# THIS IS AN AUTOGENERATED FILE. DO NOT EDIT THIS FILE DIRECTLY.
# yarn lockfile v1


babel-runtime@^6.11.6:
  version "6.20.0"
  resolved "https://registry.yarnpkg.com/babel-runtime/-/babel-runtime-6.20.0.tgz#87300bdcf4cd770f09bf0048c64204e17806d16f"
  dependencies:
    core-js "^2.4.0"
    regenerator-runtime "^0.10.0"

chance@^1.0.4:
  version "1.0.4"
  resolved "https://registry.yarnpkg.com/chance/-/chance-1.0.4.tgz#2dbc3ea6ad0541f7f965bd0af25d1ca275c853c4"

core-js@^2.4.0:
  version "2.4.1"
  resolved "https://registry.yarnpkg.com/core-js/-/core-js-2.4.1.tgz#4de911e667b0eae9124e34254b53aea6fc618d3e"

factory-girl@^4.0.0-beta.7:
  version "4.0.0-beta.7"
  resolved "https://registry.yarnpkg.com/factory-girl/-/factory-girl-4.0.0-beta.7.tgz#efbab23a02a7e334275bfb57672db19ba189f046"
  dependencies:
    babel-runtime "^6.11.6"
    chance "^1.0.4"

regenerator-runtime@^0.10.0:
  version "0.10.1"
  resolved "https://registry.yarnpkg.com/regenerator-runtime/-/regenerator-runtime-0.10.1.tgz#257f41961ce44558b18f7814af48c17559f9faeb"
